
Microsoft Visual Studio Solution File, Format Version 12.00
# Visual Studio 15
VisualStudioVersion = 15.0.28307.1433
MinimumVisualStudioVersion = 10.0.40219.1
Project("{FAE04EC0-301F-11D3-BF4B-00C04F79EFBC}") = "InterGalacticAirways", "InterGalacticAirways\InterGalacticAirways.csproj", "{1F8C436F-7A4C-466C-A737-7212D4DF77FD}"
EndProject
Global
	GlobalSection(SolutionConfigurationPlatforms) = preSolution
		Debug|Any CPU = Debug|Any CPU
		Release|Any CPU = Release|Any CPU
	EndGlobalSection
	GlobalSection(ProjectConfigurationPlatforms) = postSolution
		{1F8C436F-7A4C-466C-A737-7212D4DF77FD}.Debug|Any CPU.ActiveCfg = Debug|Any CPU
		{1F8C436F-7A4C-466C-A737-7212D4DF77FD}.Debug|Any CPU.Build.0 = Debug|Any CPU
		{1F8C436F-7A4C-466C-A737-7212D4DF77FD}.Release|Any CPU.ActiveCfg = Release|Any CPU
		{1F8C436F-7A4C-466C-A737-7212D4DF77FD}.Release|Any CPU.Build.0 = Release|Any CPU
	EndGlobalSection
	GlobalSection(SolutionProperties) = preSolution
		HideSolutionNode = FALSE
	EndGlobalSection
	GlobalSection(ExtensibilityGlobals) = postSolution
		SolutionGuid = {5C2A0A92-F229-4E51-A756-FCC468AD3C9A}
	EndGlobalSection
EndGlobal
